
Microsoft Visual Studio Solution File, Format Version 12.00
# Visual Studio Version 17
VisualStudioVersion = 17.5.002.0
MinimumVisualStudioVersion = 10.0.40219.1
Project("{9A19103F-16F7-4668-BE54-9A1E7A4F7556}") = "tl2-tp5-2024-Trigo00", "tl2-tp5-2024-Trigo00.csproj", "{F5EBE2F1-06A5-4346-96EE-7B35C2E8E1BF}"
EndProject
Global
	GlobalSection(SolutionConfigurationPlatforms) = preSolution
		Debug|Any CPU = Debug|Any CPU
		Release|Any CPU = Release|Any CPU
	EndGlobalSection
	GlobalSection(ProjectConfigurationPlatforms) = postSolution
		{F5EBE2F1-06A5-4346-96EE-7B35C2E8E1BF}.Debug|Any CPU.ActiveCfg = Debug|Any CPU
		{F5EBE2F1-06A5-4346-96EE-7B35C2E8E1BF}.Debug|Any CPU.Build.0 = Debug|Any CPU
		{F5EBE2F1-06A5-4346-96EE-7B35C2E8E1BF}.Release|Any CPU.ActiveCfg = Release|Any CPU
		{F5EBE2F1-06A5-4346-96EE-7B35C2E8E1BF}.Release|Any CPU.Build.0 = Release|Any CPU
	EndGlobalSection
	GlobalSection(SolutionProperties) = preSolution
		HideSolutionNode = FALSE
	EndGlobalSection
	GlobalSection(ExtensibilityGlobals) = postSolution
		SolutionGuid = {930C6AAD-93D2-424A-9D38-F9A11D1BB374}
	EndGlobalSection
EndGlobal
